// !$*UTF8*$!
{
	archiveVersion = 1;
	classes = {
	};
	objectVersion = 50;
	objects = {

/* Begin PBXBuildFile section */
		B0B95F9A25D4AE9D003407F9 /* DennyLog.framework in Frameworks */ = {isa = PBXBuildFile; fileRef = B0B95F9025D4AE9D003407F9 /* DennyLog.framework */; };
		B0B95F9F25D4AE9D003407F9 /* DennyLogTests.swift in Sources */ = {isa = PBXBuildFile; fileRef = B0B95F9E25D4AE9D003407F9 /* DennyLogTests.swift */; };
		B0B95FA125D4AE9D003407F9 /* DennyLog.h in Headers */ = {isa = PBXBuildFile; fileRef = B0B95F9325D4AE9D003407F9 /* DennyLog.h */; settings = {ATTRIBUTES = (Public, ); }; };
/* End PBXBuildFile section */

/* Begin PBXContainerItemProxy section */
		B0B95F9B25D4AE9D003407F9 /* PBXContainerItemProxy */ = {
			isa = PBXContainerItemProxy;
			containerPortal = B0B95F8725D4AE9D003407F9 /* Project object */;
			proxyType = 1;
			remoteGlobalIDString = B0B95F8F25D4AE9D003407F9;
			remoteInfo = DennyLog;
		};
/* End PBXContainerItemProxy section */

/* Begin PBXFileReference section */
		B0B95F9025D4AE9D003407F9 /* DennyLog.framework */ = {isa = PBXFileReference; explicitFileType = wrapper.framework; includeInIndex = 0; path = DennyLog.framework; sourceTree = BUILT_PRODUCTS_DIR; };
		B0B95F9325D4AE9D003407F9 /* DennyLog.h */ = {isa = PBXFileReference; lastKnownFileType = sourcecode.c.h; path = DennyLog.h; sourceTree = "<group>"; };
		B0B95F9425D4AE9D003407F9 /* Info.plist */ = {isa = PBXFileReference; lastKnownFileType = text.plist.xml; path = Info.plist; sourceTree = "<group>"; };
		B0B95F9925D4AE9D003407F9 /* DennyLogTests.xctest */ = {isa = PBXFileReference; explicitFileType = wrapper.cfbundle; includeInIndex = 0; path = DennyLogTests.xctest; sourceTree = BUILT_PRODUCTS_DIR; };
		B0B95F9E25D4AE9D003407F9 /* DennyLogTests.swift */ = {isa = PBXFileReference; lastKnownFileType = sourcecode.swift; path = DennyLogTests.swift; sourceTree = "<group>"; };
		B0B95FA025D4AE9D003407F9 /* Info.plist */ = {isa = PBXFileReference; lastKnownFileType = text.plist.xml; path = Info.plist; sourceTree = "<group>"; };
/* End PBXFileReference section */

/* Begin PBXFrameworksBuildPhase section */
		B0B95F8D25D4AE9D003407F9 /* Frameworks */ = {
			isa = PBXFrameworksBuildPhase;
			buildActionMask = 2147483647;
			files = (
			);
			runOnlyForDeploymentPostprocessing = 0;
		};
		B0B95F9625D4AE9D003407F9 /* Frameworks */ = {
			isa = PBXFrameworksBuildPhase;
			buildActionMask = 2147483647;
			files = (
				B0B95F9A25D4AE9D003407F9 /* DennyLog.framework in Frameworks */,
			);
			runOnlyForDeploymentPostprocessing = 0;
		};
/* End PBXFrameworksBuildPhase section */

/* Begin PBXGroup section */
		B0B95F8625D4AE9D003407F9 = {
			isa = PBXGroup;
			children = (
				B0B95F9225D4AE9D003407F9 /* DennyLog */,
				B0B95F9D25D4AE9D003407F9 /* DennyLogTests */,
				B0B95F9125D4AE9D003407F9 /* Products */,
			);
			sourceTree = "<group>";
		};
		B0B95F9125D4AE9D003407F9 /* Products */ = {
			isa = PBXGroup;
			children = (
				B0B95F9025D4AE9D003407F9 /* DennyLog.framework */,
				B0B95F9925D4AE9D003407F9 /* DennyLogTests.xctest */,
			);
			name = Products;
			sourceTree = "<group>";
		};
		B0B95F9225D4AE9D003407F9 /* DennyLog */ = {
			isa = PBXGroup;
			children = (
				B0B95F9325D4AE9D003407F9 /* DennyLog.h */,
				B0B95F9425D4AE9D003407F9 /* Info.plist */,
			);
			path = DennyLog;
			sourceTree = "<group>";
		};
		B0B95F9D25D4AE9D003407F9 /* DennyLogTests */ = {
			isa = PBXGroup;
			children = (
				B0B95F9E25D4AE9D003407F9 /* DennyLogTests.swift */,
				B0B95FA025D4AE9D003407F9 /* Info.plist */,
			);
			path = DennyLogTests;
			sourceTree = "<group>";
		};
/* End PBXGroup section */

/* Begin PBXHeadersBuildPhase section */
		B0B95F8B25D4AE9D003407F9 /* Headers */ = {
			isa = PBXHeadersBuildPhase;
			buildActionMask = 2147483647;
			files = (
				B0B95FA125D4AE9D003407F9 /* DennyLog.h in Headers */,
			);
			runOnlyForDeploymentPostprocessing = 0;
		};
/* End PBXHeadersBuildPhase section */

/* Begin PBXNativeTarget section */
		B0B95F8F25D4AE9D003407F9 /* DennyLog */ = {
			isa = PBXNativeTarget;
			buildConfigurationList = B0B95FA425D4AE9D003407F9 /* Build configuration list for PBXNativeTarget "DennyLog" */;
			buildPhases = (
				B0B95F8B25D4AE9D003407F9 /* Headers */,
				B0B95F8C25D4AE9D003407F9 /* Sources */,
				B0B95F8D25D4AE9D003407F9 /* Frameworks */,
				B0B95F8E25D4AE9D003407F9 /* Resources */,
			);
			buildRules = (
			);
			dependencies = (
			);
			name = DennyLog;
			productName = DennyLog;
			productReference = B0B95F9025D4AE9D003407F9 /* DennyLog.framework */;
			productType = "com.apple.product-type.framework";
		};
		B0B95F9825D4AE9D003407F9 /* DennyLogTests */ = {
			isa = PBXNativeTarget;
			buildConfigurationList = B0B95FA725D4AE9D003407F9 /* Build configuration list for PBXNativeTarget "DennyLogTests" */;
			buildPhases = (
				B0B95F9525D4AE9D003407F9 /* Sources */,
				B0B95F9625D4AE9D003407F9 /* Frameworks */,
				B0B95F9725D4AE9D003407F9 /* Resources */,
			);
			buildRules = (
			);
			dependencies = (
				B0B95F9C25D4AE9D003407F9 /* PBXTargetDependency */,
			);
			name = DennyLogTests;
			productName = DennyLogTests;
			productReference = B0B95F9925D4AE9D003407F9 /* DennyLogTests.xctest */;
			productType = "com.apple.product-type.bundle.unit-test";
		};
/* End PBXNativeTarget section */

/* Begin PBXProject section */
		B0B95F8725D4AE9D003407F9 /* Project object */ = {
			isa = PBXProject;
			attributes = {
				LastSwiftUpdateCheck = 1230;
				LastUpgradeCheck = 1230;
				TargetAttributes = {
					B0B95F8F25D4AE9D003407F9 = {
						CreatedOnToolsVersion = 12.3;
					};
					B0B95F9825D4AE9D003407F9 = {
						CreatedOnToolsVersion = 12.3;
					};
				};
			};
			buildConfigurationList = B0B95F8A25D4AE9D003407F9 /* Build configuration list for PBXProject "DennyLog" */;
			compatibilityVersion = "Xcode 9.3";
			developmentRegion = en;
			hasScannedForEncodings = 0;
			knownRegions = (
				en,
				Base,
			);
			mainGroup = B0B95F8625D4AE9D003407F9;
			productRefGroup = B0B95F9125D4AE9D003407F9 /* Products */;
			projectDirPath = "";
			projectRoot = "";
			targets = (
				B0B95F8F25D4AE9D003407F9 /* DennyLog */,
				B0B95F9825D4AE9D003407F9 /* DennyLogTests */,
			);
		};
/* End PBXProject section */

/* Begin PBXResourcesBuildPhase section */
		B0B95F8E25D4AE9D003407F9 /* Resources */ = {
			isa = PBXResourcesBuildPhase;
			buildActionMask = 2147483647;
			files = (
			);
			runOnlyForDeploymentPostprocessing = 0;
		};
		B0B95F9725D4AE9D003407F9 /* Resources */ = {
			isa = PBXResourcesBuildPhase;
			buildActionMask = 2147483647;
			files = (
			);
			runOnlyForDeploymentPostprocessing = 0;
		};
/* End PBXResourcesBuildPhase section */

/* Begin PBXSourcesBuildPhase section */
		B0B95F8C25D4AE9D003407F9 /* Sources */ = {
			isa = PBXSourcesBuildPhase;
			buildActionMask = 2147483647;
			files = (
			);
			runOnlyForDeploymentPostprocessing = 0;
		};
		B0B95F9525D4AE9D003407F9 /* Sources */ = {
			isa = PBXSourcesBuildPhase;
			buildActionMask = 2147483647;
			files = (
				B0B95F9F25D4AE9D003407F9 /* DennyLogTests.swift in Sources */,
			);
			runOnlyForDeploymentPostprocessing = 0;
		};
/* End PBXSourcesBuildPhase section */

/* Begin PBXTargetDependency section */
		B0B95F9C25D4AE9D003407F9 /* PBXTargetDependency */ = {
			isa = PBXTargetDependency;
			target = B0B95F8F25D4AE9D003407F9 /* DennyLog */;
			targetProxy = B0B95F9B25D4AE9D003407F9 /* PBXContainerItemProxy */;
		};
/* End PBXTargetDependency section */

/* Begin XCBuildConfiguration section */
		B0B95FA225D4AE9D003407F9 /* Debug */ = {
			isa = XCBuildConfiguration;
			buildSettings = {
				ALWAYS_SEARCH_USER_PATHS = NO;
				CLANG_ANALYZER_NONNULL = YES;
				CLANG_ANALYZER_NUMBER_OBJECT_CONVERSION = YES_AGGRESSIVE;
				CLANG_CXX_LANGUAGE_STANDARD = "gnu++14";
				CLANG_CXX_LIBRARY = "libc++";
				CLANG_ENABLE_MODULES = YES;
				CLANG_ENABLE_OBJC_ARC = YES;
				CLANG_ENABLE_OBJC_WEAK = YES;
				CLANG_WARN_BLOCK_CAPTURE_AUTORELEASING = YES;
				CLANG_WARN_BOOL_CONVERSION = YES;
				CLANG_WARN_COMMA = YES;
				CLANG_WARN_CONSTANT_CONVERSION = YES;
				CLANG_WARN_DEPRECATED_OBJC_IMPLEMENTATIONS = YES;
				CLANG_WARN_DIRECT_OBJC_ISA_USAGE = YES_ERROR;
				CLANG_WARN_DOCUMENTATION_COMMENTS = YES;
				CLANG_WARN_EMPTY_BODY = YES;
				CLANG_WARN_ENUM_CONVERSION = YES;
				CLANG_WARN_INFINITE_RECURSION = YES;
				CLANG_WARN_INT_CONVERSION = YES;
				CLANG_WARN_NON_LITERAL_NULL_CONVERSION = YES;
				CLANG_WARN_OBJC_IMPLICIT_RETAIN_SELF = YES;
				CLANG_WARN_OBJC_LITERAL_CONVERSION = YES;
				CLANG_WARN_OBJC_ROOT_CLASS = YES_ERROR;
				CLANG_WARN_QUOTED_INCLUDE_IN_FRAMEWORK_HEADER = YES;
				CLANG_WARN_RANGE_LOOP_ANALYSIS = YES;
				CLANG_WARN_STRICT_PROTOTYPES = YES;
				CLANG_WARN_SUSPICIOUS_MOVE = YES;
				CLANG_WARN_UNGUARDED_AVAILABILITY = YES_AGGRESSIVE;
				CLANG_WARN_UNREACHABLE_CODE = YES;
				CLANG_WARN__DUPLICATE_METHOD_MATCH = YES;
				COPY_PHASE_STRIP = NO;
				CURRENT_PROJECT_VERSION = 1;
				DEBUG_INFORMATION_FORMAT = dwarf;
				ENABLE_STRICT_OBJC_MSGSEND = YES;
				ENABLE_TESTABILITY = YES;
				GCC_C_LANGUAGE_STANDARD = gnu11;
				GCC_DYNAMIC_NO_PIC = NO;
				GCC_NO_COMMON_BLOCKS = YES;
				GCC_OPTIMIZATION_LEVEL = 0;
				GCC_PREPROCESSOR_DEFINITIONS = (
					"DEBUG=1",
					"$(inherited)",
				);
				GCC_WARN_64_TO_32_BIT_CONVERSION = YES;
				GCC_WARN_ABOUT_RETURN_TYPE = YES_ERROR;
				GCC_WARN_UNDECLARED_SELECTOR = YES;
				GCC_WARN_UNINITIALIZED_AUTOS = YES_AGGRESSIVE;
				GCC_WARN_UNUSED_FUNCTION = YES;
				GCC_WARN_UNUSED_VARIABLE = YES;
				IPHONEOS_DEPLOYMENT_TARGET = 12.0;
				MTL_ENABLE_DEBUG_INFO = INCLUDE_SOURCE;
				MTL_FAST_MATH = YES;
				ONLY_ACTIVE_ARCH = YES;
				SDKROOT = iphoneos;
				SWIFT_ACTIVE_COMPILATION_CONDITIONS = DEBUG;
				SWIFT_OPTIMIZATION_LEVEL = "-Onone";
				VERSIONING_SYSTEM = "apple-generic";
				VERSION_INFO_PREFIX = "";
			};
			name = Debug;
		};
		B0B95FA325D4AE9D003407F9 /* Release */ = {
			isa = XCBuildConfiguration;
			buildSettings = {
				ALWAYS_SEARCH_USER_PATHS = NO;
				CLANG_ANALYZER_NONNULL = YES;
				CLANG_ANALYZER_NUMBER_OBJECT_CONVERSION = YES_AGGRESSIVE;
				CLANG_CXX_LANGUAGE_STANDARD = "gnu++14";
				CLANG_CXX_LIBRARY = "libc++";
				CLANG_ENABLE_MODULES = YES;
				CLANG_ENABLE_OBJC_ARC = YES;
				CLANG_ENABLE_OBJC_WEAK = YES;
				CLANG_WARN_BLOCK_CAPTURE_AUTORELEASING = YES;
				CLANG_WARN_BOOL_CONVERSION = YES;
				CLANG_WARN_COMMA = YES;
				CLANG_WARN_CONSTANT_CONVERSION = YES;
				CLANG_WARN_DEPRECATED_OBJC_IMPLEMENTATIONS = YES;
				CLANG_WARN_DIRECT_OBJC_ISA_USAGE = YES_ERROR;
				CLANG_WARN_DOCUMENTATION_COMMENTS = YES;
				CLANG_WARN_EMPTY_BODY = YES;
				CLANG_WARN_ENUM_CONVERSION = YES;
				CLANG_WARN_INFINITE_RECURSION = YES;
				CLANG_WARN_INT_CONVERSION = YES;
				CLANG_WARN_NON_LITERAL_NULL_CONVERSION = YES;
				CLANG_WARN_OBJC_IMPLICIT_RETAIN_SELF = YES;
				CLANG_WARN_OBJC_LITERAL_CONVERSION = YES;
				CLANG_WARN_OBJC_ROOT_CLASS = YES_ERROR;
				CLANG_WARN_QUOTED_INCLUDE_IN_FRAMEWORK_HEADER = YES;
				CLANG_WARN_RANGE_LOOP_ANALYSIS = YES;
				CLANG_WARN_STRICT_PROTOTYPES = YES;
				CLANG_WARN_SUSPICIOUS_MOVE = YES;
				CLANG_WARN_UNGUARDED_AVAILABILITY = YES_AGGRESSIVE;
				CLANG_WARN_UNREACHABLE_CODE = YES;
				CLANG_WARN__DUPLICATE_METHOD_MATCH = YES;
				COPY_PHASE_STRIP = NO;
				CURRENT_PROJECT_VERSION = 1;
				DEBUG_INFORMATION_FORMAT = "dwarf-with-dsym";
				ENABLE_NS_ASSERTIONS = NO;
				ENABLE_STRICT_OBJC_MSGSEND = YES;
				GCC_C_LANGUAGE_STANDARD = gnu11;
				GCC_NO_COMMON_BLOCKS = YES;
				GCC_WARN_64_TO_32_BIT_CONVERSION = YES;
				GCC_WARN_ABOUT_RETURN_TYPE = YES_ERROR;
				GCC_WARN_UNDECLARED_SELECTOR = YES;
				GCC_WARN_UNINITIALIZED_AUTOS = YES_AGGRESSIVE;
				GCC_WARN_UNUSED_FUNCTION = YES;
				GCC_WARN_UNUSED_VARIABLE = YES;
				IPHONEOS_DEPLOYMENT_TARGET = 12.0;
				MTL_ENABLE_DEBUG_INFO = NO;
				MTL_FAST_MATH = YES;
				SDKROOT = iphoneos;
				SWIFT_COMPILATION_MODE = wholemodule;
				SWIFT_OPTIMIZATION_LEVEL = "-O";
				VALIDATE_PRODUCT = YES;
				VERSIONING_SYSTEM = "apple-generic";
				VERSION_INFO_PREFIX = "";
			};
			name = Release;
		};
		B0B95FA525D4AE9D003407F9 /* Debug */ = {
			isa = XCBuildConfiguration;
			buildSettings = {
				CODE_SIGN_STYLE = Automatic;
				DEFINES_MODULE = YES;
				DEVELOPMENT_TEAM = M79H9K226Y;
				DYLIB_COMPATIBILITY_VERSION = 1;
				DYLIB_CURRENT_VERSION = 1;
				DYLIB_INSTALL_NAME_BASE = "@rpath";
				INFOPLIST_FILE = DennyLog/Info.plist;
				INSTALL_PATH = "$(LOCAL_LIBRARY_DIR)/Frameworks";
				IPHONEOS_DEPLOYMENT_TARGET = 12.0;
				LD_RUNPATH_SEARCH_PATHS = (
					"$(inherited)",
					"@executable_path/Frameworks",
					"@loader_path/Frameworks",
				);
				PRODUCT_BUNDLE_IDENTIFIER = com.denny.DennyLog;
				PRODUCT_NAME = "$(TARGET_NAME:c99extidentifier)";
				SKIP_INSTALL = YES;
				SUPPORTS_MACCATALYST = NO;
				SWIFT_VERSION = 5.0;
				TARGETED_DEVICE_FAMILY = "1,2";
			};
			name = Debug;
		};
		B0B95FA625D4AE9D003407F9 /* Release */ = {
			isa = XCBuildConfiguration;
			buildSettings = {
				CODE_SIGN_STYLE = Automatic;
				DEFINES_MODULE = YES;
				DEVELOPMENT_TEAM = M79H9K226Y;
				DYLIB_COMPATIBILITY_VERSION = 1;
				DYLIB_CURRENT_VERSION = 1;
				DYLIB_INSTALL_NAME_BASE = "@rpath";
				INFOPLIST_FILE = DennyLog/Info.plist;
				INSTALL_PATH = "$(LOCAL_LIBRARY_DIR)/Frameworks";
				IPHONEOS_DEPLOYMENT_TARGET = 12.0;
				LD_RUNPATH_SEARCH_PATHS = (
					"$(inherited)",
					"@executable_path/Frameworks",
					"@loader_path/Frameworks",
				);
				PRODUCT_BUNDLE_IDENTIFIER = com.denny.DennyLog;
				PRODUCT_NAME = "$(TARGET_NAME:c99extidentifier)";
				SKIP_INSTALL = YES;
				SUPPORTS_MACCATALYST = NO;
				SWIFT_VERSION = 5.0;
				TARGETED_DEVICE_FAMILY = "1,2";
			};
			name = Release;
		};
		B0B95FA825D4AE9D003407F9 /* Debug */ = {
			isa = XCBuildConfiguration;
			buildSettings = {
				CODE_SIGN_STYLE = Automatic;
				DEVELOPMENT_TEAM = M79H9K226Y;
				INFOPLIST_FILE = DennyLogTests/Info.plist;
				LD_RUNPATH_SEARCH_PATHS = (
					"$(inherited)",
					"@executable_path/Frameworks",
					"@loader_path/Frameworks",
				);
				PRODUCT_BUNDLE_IDENTIFIER = com.denny.DennyLogTests;
				PRODUCT_NAME = "$(TARGET_NAME)";
				SWIFT_VERSION = 5.0;
				TARGETED_DEVICE_FAMILY = "1,2";
			};
			name = Debug;
		};
		B0B95FA925D4AE9D003407F9 /* Release */ = {
			isa = XCBuildConfiguration;
			buildSettings = {
				CODE_SIGN_STYLE = Automatic;
				DEVELOPMENT_TEAM = M79H9K226Y;
				INFOPLIST_FILE = DennyLogTests/Info.plist;
				LD_RUNPATH_SEARCH_PATHS = (
					"$(inherited)",
					"@executable_path/Frameworks",
					"@loader_path/Frameworks",
				);
				PRODUCT_BUNDLE_IDENTIFIER = com.denny.DennyLogTests;
				PRODUCT_NAME = "$(TARGET_NAME)";
				SWIFT_VERSION = 5.0;
				TARGETED_DEVICE_FAMILY = "1,2";
			};
			name = Release;
		};
/* End XCBuildConfiguration section */

/* Begin XCConfigurationList section */
		B0B95F8A25D4AE9D003407F9 /* Build configuration list for PBXProject "DennyLog" */ = {
			isa = XCConfigurationList;
			buildConfigurations = (
				B0B95FA225D4AE9D003407F9 /* Debug */,
				B0B95FA325D4AE9D003407F9 /* Release */,
			);
			defaultConfigurationIsVisible = 0;
			defaultConfigurationName = Release;
		};
		B0B95FA425D4AE9D003407F9 /* Build configuration list for PBXNativeTarget "DennyLog" */ = {
			isa = XCConfigurationList;
			buildConfigurations = (
				B0B95FA525D4AE9D003407F9 /* Debug */,
				B0B95FA625D4AE9D003407F9 /* Release */,
			);
			defaultConfigurationIsVisible = 0;
			defaultConfigurationName = Release;
		};
		B0B95FA725D4AE9D003407F9 /* Build configuration list for PBXNativeTarget "DennyLogTests" */ = {
			isa = XCConfigurationList;
			buildConfigurations = (
				B0B95FA825D4AE9D003407F9 /* Debug */,
				B0B95FA925D4AE9D003407F9 /* Release */,
			);
			defaultConfigurationIsVisible = 0;
			defaultConfigurationName = Release;
		};
/* End XCConfigurationList section */
	};
	rootObject = B0B95F8725D4AE9D003407F9 /* Project object */;
}
